{
  "version": 4,
  "terraform_version": "1.4.6",
  "serial": 6,
  "lineage": "e35779b1-d49b-99d4-abaa-1d71182195bd",
  "outputs": {},
  "resources": [
    {
      "mode": "data",
      "type": "terraform_remote_state",
      "name": "network",
      "provider": "provider[\"terraform.io/builtin/terraform\"]",
      "instances": [
        {
          "schema_version": 0,
          "attributes": {
            "backend": "s3",
            "config": {
              "value": {
                "bucket": "jonathanmathcom-terraform-state",
                "key": "network.tfstate",
                "region": "us-east-1"
              },
              "type": [
                "object",
                {
                  "bucket": "string",
                  "key": "string",
                  "region": "string"
                }
              ]
            },
            "defaults": null,
            "outputs": {
              "value": {
                "database_subnet_cidrs": [
                  "10.3.6.0/24",
                  "10.3.7.0/24",
                  "10.3.8.0/24"
                ],
                "database_subnet_group_name": "jonathanmath",
                "database_subnets": [
                  "subnet-052b9e4dd757e8655",
                  "subnet-08e100cd8649d221f",
                  "subnet-0903e21c96c5ae599"
                ],
                "private_subnet_cidrs": [
                  "10.3.3.0/24",
                  "10.3.4.0/24",
                  "10.3.5.0/24"
                ],
                "private_subnets": [
                  "subnet-0c18e592c45b80048",
                  "subnet-017f800f19533dd48",
                  "subnet-07442a45d3420c92c"
                ],
                "public_subnet_cidrs": [
                  "10.3.0.0/24",
                  "10.3.1.0/24",
                  "10.3.2.0/24"
                ],
                "public_subnet_id": "subnet-0017aba64a3761932",
                "public_subnets": [
                  "subnet-0017aba64a3761932",
                  "subnet-0972011448f74a467",
                  "subnet-0f050cd40df40a758"
                ],
                "security_group_id": "sg-0077184b255056219",
                "vpc_cidr": "10.3.0.0/16",
                "vpc_id": "vpc-0fb5c9440755d3a53"
              },
              "type": [
                "object",
                {
                  "database_subnet_cidrs": [
                    "tuple",
                    [
                      "string",
                      "string",
                      "string"
                    ]
                  ],
                  "database_subnet_group_name": "string",
                  "database_subnets": [
                    "tuple",
                    [
                      "string",
                      "string",
                      "string"
                    ]
                  ],
                  "private_subnet_cidrs": [
                    "tuple",
                    [
                      "string",
                      "string",
                      "string"
                    ]
                  ],
                  "private_subnets": [
                    "tuple",
                    [
                      "string",
                      "string",
                      "string"
                    ]
                  ],
                  "public_subnet_cidrs": [
                    "tuple",
                    [
                      "string",
                      "string",
                      "string"
                    ]
                  ],
                  "public_subnet_id": "string",
                  "public_subnets": [
                    "tuple",
                    [
                      "string",
                      "string",
                      "string"
                    ]
                  ],
                  "security_group_id": "string",
                  "vpc_cidr": "string",
                  "vpc_id": "string"
                }
              ]
            },
            "workspace": null
          },
          "sensitive_attributes": []
        }
      ]
    },
    {
      "mode": "managed",
      "type": "aws_key_pair",
      "name": "existing_ssh_key",
      "provider": "provider[\"registry.terraform.io/hashicorp/aws\"]",
      "instances": [
        {
          "schema_version": 1,
          "attributes": {
            "arn": "arn:aws:ec2:us-east-1:471528030347:key-pair/portfolio-key",
            "fingerprint": "da:44:1e:e0:63:1c:63:92:21:c8:be:e4:db:13:6f:81",
            "id": "portfolio-key",
            "key_name": "portfolio-key",
            "key_name_prefix": "",
            "key_pair_id": "key-018a212d0889847c3",
            "key_type": "rsa",
            "public_key": "ssh-rsa AAAAB3NzaC1yc2EAAAADAQABAAABgQCwE2yYFpaH7WhHMQW0VAfrDbGT38oWfYIZmkEWOn7fruNyobba1YImN55vHtWJiHsEl/vBACsR4ZgzhNOMcpAIZjCobTCZaFer7XZqpdR6JXpWxIUpUx8xFhfdQsdxoSkOfkNl22JwWnUhytAlDdUGDW4tGrkmW+8xn+5/P2Q2Lj/aekUXkzVeIRKwg0jOoEzetz6e6pzzOObPqarSSy2JY749OxF9zYKlMvz7CehmHy/TE5VBfvnzxYJAAtwCy+9MQjZtWHty5IFYLhcnYoAZR7wPE1DODH7cvEMl7aRZPIPbnN/0DTbIhjBc3IvoPNwegTZpmJ1+fLuzYzS4waD9wGLy1HZCBbKmjgnkfzi/S/r6K7BE9wUPh+hcbvvAQhJ0IonjW+i+mmowUao8XGwMHBQ3zc9LhCV7qCjqQg7ee3ei8gyh1Xetky7LuzsAvQPqs6ftIqi7JvrOeTFdN12v0CARQ7C/GDx6qmB8fektHp5NRuMBeWH2a+iWAPk2zRE= jmath@MacBook-Pro-2.local",
            "tags": {},
            "tags_all": {}
          },
          "sensitive_attributes": [],
          "private": "eyJzY2hlbWFfdmVyc2lvbiI6IjEifQ=="
        }
      ]
    },
    {
      "mode": "managed",
      "type": "aws_security_group",
      "name": "portfolio_sg",
      "provider": "provider[\"registry.terraform.io/hashicorp/aws\"]",
      "instances": [
        {
          "schema_version": 1,
          "attributes": {
            "arn": "arn:aws:ec2:us-east-1:471528030347:security-group/sg-02e0366069fcb4859",
            "description": "Allow HTTP and SSH",
            "egress": [
              {
                "cidr_blocks": [
                  "0.0.0.0/0"
                ],
                "description": "",
                "from_port": 0,
                "ipv6_cidr_blocks": [],
                "prefix_list_ids": [],
                "protocol": "-1",
                "security_groups": [],
                "self": false,
                "to_port": 0
              }
            ],
            "id": "sg-02e0366069fcb4859",
            "ingress": [
              {
                "cidr_blocks": [
                  "0.0.0.0/0"
                ],
                "description": "",
                "from_port": 22,
                "ipv6_cidr_blocks": [],
                "prefix_list_ids": [],
                "protocol": "tcp",
                "security_groups": [],
                "self": false,
                "to_port": 22
              },
              {
                "cidr_blocks": [
                  "0.0.0.0/0"
                ],
                "description": "",
                "from_port": 443,
                "ipv6_cidr_blocks": [],
                "prefix_list_ids": [],
                "protocol": "tcp",
                "security_groups": [],
                "self": false,
                "to_port": 443
              },
              {
                "cidr_blocks": [
                  "0.0.0.0/0"
                ],
                "description": "",
                "from_port": 80,
                "ipv6_cidr_blocks": [],
                "prefix_list_ids": [],
                "protocol": "tcp",
                "security_groups": [],
                "self": false,
                "to_port": 80
              }
            ],
            "name": "portfolio_sg",
            "name_prefix": "",
            "owner_id": "471528030347",
            "revoke_rules_on_delete": false,
            "tags": {},
            "tags_all": {},
            "timeouts": null,
            "vpc_id": "vpc-08a6e9494e3c99703"
          },
          "sensitive_attributes": [],
          "private": "eyJlMmJmYjczMC1lY2FhLTExZTYtOGY4OC0zNDM2M2JjN2M0YzAiOnsiY3JlYXRlIjo2MDAwMDAwMDAwMDAsImRlbGV0ZSI6OTAwMDAwMDAwMDAwfSwic2NoZW1hX3ZlcnNpb24iOiIxIn0="
        }
      ]
    },
    {
      "mode": "managed",
      "type": "local_file",
      "name": "ansible_inventory",
      "provider": "provider[\"registry.terraform.io/hashicorp/local\"]",
      "instances": []
    }
  ],
  "check_results": null
}
